// !$*UTF8*$!
{
	archiveVersion = 1;
	classes = {
	};
	objectVersion = 46;
	objects = {

/* Begin PBXBuildFile section */
		006D720419952D00008149E2 /* AVFoundation.framework in Frameworks */ = {isa = PBXBuildFile; fileRef = 006D720219952D00008149E2 /* AVFoundation.framework */; };
		006D720519952D00008149E2 /* CoreMedia.framework in Frameworks */ = {isa = PBXBuildFile; fileRef = 006D720319952D00008149E2 /* CoreMedia.framework */; };
		0091D8F90E81B9330029341E /* OpenGL.framework in Frameworks */ = {isa = PBXBuildFile; fileRef = 0091D8F80E81B9330029341E /* OpenGL.framework */; };
		00B784B30FF439BC000DE1D7 /* Accelerate.framework in Frameworks */ = {isa = PBXBuildFile; fileRef = 00B784AF0FF439BC000DE1D7 /* Accelerate.framework */; };
		00B784B40FF439BC000DE1D7 /* AudioToolbox.framework in Frameworks */ = {isa = PBXBuildFile; fileRef = 00B784B00FF439BC000DE1D7 /* AudioToolbox.framework */; };
		00B784B50FF439BC000DE1D7 /* AudioUnit.framework in Frameworks */ = {isa = PBXBuildFile; fileRef = 00B784B10FF439BC000DE1D7 /* AudioUnit.framework */; };
		00B784B60FF439BC000DE1D7 /* CoreAudio.framework in Frameworks */ = {isa = PBXBuildFile; fileRef = 00B784B20FF439BC000DE1D7 /* CoreAudio.framework */; };
		00B9955A1B128DF400A5C623 /* IOKit.framework in Frameworks */ = {isa = PBXBuildFile; fileRef = 00B995581B128DF400A5C623 /* IOKit.framework */; };
		00B9955B1B128DF400A5C623 /* IOSurface.framework in Frameworks */ = {isa = PBXBuildFile; fileRef = 00B995591B128DF400A5C623 /* IOSurface.framework */; };
		5323E6B20EAFCA74003A9687 /* CoreVideo.framework in Frameworks */ = {isa = PBXBuildFile; fileRef = 5323E6B10EAFCA74003A9687 /* CoreVideo.framework */; };
		5C940E6A237E568B00C73BA5 /* Grass.cpp in Sources */ = {isa = PBXBuildFile; fileRef = 5C940E68237E568B00C73BA5 /* Grass.cpp */; };
		5C940E6B237E568B00C73BA5 /* Particle.cpp in Sources */ = {isa = PBXBuildFile; fileRef = 5C940E69237E568B00C73BA5 /* Particle.cpp */; };
		5C940E7D237E569F00C73BA5 /* render.frag in Resources */ = {isa = PBXBuildFile; fileRef = 5C940E78237E569F00C73BA5 /* render.frag */; };
		5C940E7E237E569F00C73BA5 /* render.geom in Resources */ = {isa = PBXBuildFile; fileRef = 5C940E79237E569F00C73BA5 /* render.geom */; };
		5C940E7F237E569F00C73BA5 /* update.vert in Resources */ = {isa = PBXBuildFile; fileRef = 5C940E7A237E569F00C73BA5 /* update.vert */; };
		5C940E80237E569F00C73BA5 /* render.vert in Resources */ = {isa = PBXBuildFile; fileRef = 5C940E7B237E569F00C73BA5 /* render.vert */; };
		5C940E81237E569F00C73BA5 /* util.glsl in Resources */ = {isa = PBXBuildFile; fileRef = 5C940E7C237E569F00C73BA5 /* util.glsl */; };
		5C940E8A23883EF500C73BA5 /* caustic.frag in Resources */ = {isa = PBXBuildFile; fileRef = 5C940E8823883EF400C73BA5 /* caustic.frag */; };
		5C940E8B23883EF500C73BA5 /* caustic.vert in Resources */ = {isa = PBXBuildFile; fileRef = 5C940E8923883EF500C73BA5 /* caustic.vert */; };
		5C940E8E238C3DB300C73BA5 /* blur.vert in Resources */ = {isa = PBXBuildFile; fileRef = 5C940E8C238C3DB200C73BA5 /* blur.vert */; };
		5C940E8F238C3DB300C73BA5 /* blur.frag in Resources */ = {isa = PBXBuildFile; fileRef = 5C940E8D238C3DB300C73BA5 /* blur.frag */; };
		5C940EAC238C53A400C73BA5 /* libusb-1.0.0.dylib in Frameworks */ = {isa = PBXBuildFile; fileRef = 5C940EA8238C53A400C73BA5 /* libusb-1.0.0.dylib */; };
		5C940EB1238C550900C73BA5 /* librealsense2.2.20.0.dylib in Frameworks */ = {isa = PBXBuildFile; fileRef = 5C940EB0238C550900C73BA5 /* librealsense2.2.20.0.dylib */; };
		5C940EB2238C553300C73BA5 /* librealsense2.2.20.0.dylib in Embed Libraries */ = {isa = PBXBuildFile; fileRef = 5C940EB0238C550900C73BA5 /* librealsense2.2.20.0.dylib */; settings = {ATTRIBUTES = (CodeSignOnCopy, ); }; };
		5C940EB4238C553400C73BA5 /* libusb-1.0.0.dylib in Embed Libraries */ = {isa = PBXBuildFile; fileRef = 5C940EA8238C53A400C73BA5 /* libusb-1.0.0.dylib */; settings = {ATTRIBUTES = (CodeSignOnCopy, ); }; };
		5C940EB7238C554A00C73BA5 /* librealsense2.2.20.dylib in Frameworks */ = {isa = PBXBuildFile; fileRef = 5C940EB5238C554A00C73BA5 /* librealsense2.2.20.dylib */; };
		5C940EB9238C554E00C73BA5 /* librealsense2.2.20.dylib in Embed Libraries */ = {isa = PBXBuildFile; fileRef = 5C940EB5238C554A00C73BA5 /* librealsense2.2.20.dylib */; settings = {ATTRIBUTES = (CodeSignOnCopy, ); }; };
		731E4AED33C84985BA4ABED9 /* ImmersiveXsectionApp.cpp in Sources */ = {isa = PBXBuildFile; fileRef = 5E503B9A0E1C47AE89BF90FB /* ImmersiveXsectionApp.cpp */; };
		8D11072F0486CEB800E47090 /* Cocoa.framework in Frameworks */ = {isa = PBXBuildFile; fileRef = 1058C7A1FEA54F0111CA2CBB /* Cocoa.framework */; };
		9EF72B5C66B340CA9F3C372E /* CinderApp.icns in Resources */ = {isa = PBXBuildFile; fileRef = 45C288052F2E4F7EB5D0F72F /* CinderApp.icns */; };
/* End PBXBuildFile section */

/* Begin PBXCopyFilesBuildPhase section */
		5C940EB3238C553300C73BA5 /* Embed Libraries */ = {
			isa = PBXCopyFilesBuildPhase;
			buildActionMask = 12;
			dstPath = "";
			dstSubfolderSpec = 16;
			files = (
				5C940EB2238C553300C73BA5 /* librealsense2.2.20.0.dylib in Embed Libraries */,
				5C940EB4238C553400C73BA5 /* libusb-1.0.0.dylib in Embed Libraries */,
				5C940EB9238C554E00C73BA5 /* librealsense2.2.20.dylib in Embed Libraries */,
			);
			name = "Embed Libraries";
			runOnlyForDeploymentPostprocessing = 0;
		};
/* End PBXCopyFilesBuildPhase section */

/* Begin PBXFileReference section */
		006D720219952D00008149E2 /* AVFoundation.framework */ = {isa = PBXFileReference; lastKnownFileType = wrapper.framework; name = AVFoundation.framework; path = System/Library/Frameworks/AVFoundation.framework; sourceTree = SDKROOT; };
		006D720319952D00008149E2 /* CoreMedia.framework */ = {isa = PBXFileReference; lastKnownFileType = wrapper.framework; name = CoreMedia.framework; path = System/Library/Frameworks/CoreMedia.framework; sourceTree = SDKROOT; };
		0091D8F80E81B9330029341E /* OpenGL.framework */ = {isa = PBXFileReference; lastKnownFileType = wrapper.framework; name = OpenGL.framework; path = /System/Library/Frameworks/OpenGL.framework; sourceTree = "<absolute>"; };
		00B784AF0FF439BC000DE1D7 /* Accelerate.framework */ = {isa = PBXFileReference; lastKnownFileType = wrapper.framework; name = Accelerate.framework; path = System/Library/Frameworks/Accelerate.framework; sourceTree = SDKROOT; };
		00B784B00FF439BC000DE1D7 /* AudioToolbox.framework */ = {isa = PBXFileReference; lastKnownFileType = wrapper.framework; name = AudioToolbox.framework; path = System/Library/Frameworks/AudioToolbox.framework; sourceTree = SDKROOT; };
		00B784B10FF439BC000DE1D7 /* AudioUnit.framework */ = {isa = PBXFileReference; lastKnownFileType = wrapper.framework; name = AudioUnit.framework; path = System/Library/Frameworks/AudioUnit.framework; sourceTree = SDKROOT; };
		00B784B20FF439BC000DE1D7 /* CoreAudio.framework */ = {isa = PBXFileReference; lastKnownFileType = wrapper.framework; name = CoreAudio.framework; path = System/Library/Frameworks/CoreAudio.framework; sourceTree = SDKROOT; };
		00B995581B128DF400A5C623 /* IOKit.framework */ = {isa = PBXFileReference; lastKnownFileType = wrapper.framework; name = IOKit.framework; path = System/Library/Frameworks/IOKit.framework; sourceTree = SDKROOT; };
		00B995591B128DF400A5C623 /* IOSurface.framework */ = {isa = PBXFileReference; lastKnownFileType = wrapper.framework; name = IOSurface.framework; path = System/Library/Frameworks/IOSurface.framework; sourceTree = SDKROOT; };
		1058C7A1FEA54F0111CA2CBB /* Cocoa.framework */ = {isa = PBXFileReference; lastKnownFileType = wrapper.framework; name = Cocoa.framework; path = /System/Library/Frameworks/Cocoa.framework; sourceTree = "<absolute>"; };
		29B97324FDCFA39411CA2CEA /* AppKit.framework */ = {isa = PBXFileReference; lastKnownFileType = wrapper.framework; name = AppKit.framework; path = /System/Library/Frameworks/AppKit.framework; sourceTree = "<absolute>"; };
		29B97325FDCFA39411CA2CEA /* Foundation.framework */ = {isa = PBXFileReference; lastKnownFileType = wrapper.framework; name = Foundation.framework; path = /System/Library/Frameworks/Foundation.framework; sourceTree = "<absolute>"; };
		45C288052F2E4F7EB5D0F72F /* CinderApp.icns */ = {isa = PBXFileReference; lastKnownFileType = image.icns; name = CinderApp.icns; path = ../resources/CinderApp.icns; sourceTree = "<group>"; };
		5323E6B10EAFCA74003A9687 /* CoreVideo.framework */ = {isa = PBXFileReference; lastKnownFileType = wrapper.framework; name = CoreVideo.framework; path = /System/Library/Frameworks/CoreVideo.framework; sourceTree = "<absolute>"; };
		5C940E66237E568B00C73BA5 /* Grass.h */ = {isa = PBXFileReference; fileEncoding = 4; lastKnownFileType = sourcecode.c.h; name = Grass.h; path = ../src/Grass.h; sourceTree = "<group>"; };
		5C940E67237E568B00C73BA5 /* Particle.h */ = {isa = PBXFileReference; fileEncoding = 4; lastKnownFileType = sourcecode.c.h; name = Particle.h; path = ../src/Particle.h; sourceTree = "<group>"; };
		5C940E68237E568B00C73BA5 /* Grass.cpp */ = {isa = PBXFileReference; fileEncoding = 4; lastKnownFileType = sourcecode.cpp.cpp; name = Grass.cpp; path = ../src/Grass.cpp; sourceTree = "<group>"; };
		5C940E69237E568B00C73BA5 /* Particle.cpp */ = {isa = PBXFileReference; fileEncoding = 4; lastKnownFileType = sourcecode.cpp.cpp; name = Particle.cpp; path = ../src/Particle.cpp; sourceTree = "<group>"; };
		5C940E78237E569F00C73BA5 /* render.frag */ = {isa = PBXFileReference; fileEncoding = 4; lastKnownFileType = sourcecode.glsl; path = render.frag; sourceTree = "<group>"; };
		5C940E79237E569F00C73BA5 /* render.geom */ = {isa = PBXFileReference; fileEncoding = 4; lastKnownFileType = sourcecode.glsl; path = render.geom; sourceTree = "<group>"; };
		5C940E7A237E569F00C73BA5 /* update.vert */ = {isa = PBXFileReference; fileEncoding = 4; lastKnownFileType = sourcecode.glsl; path = update.vert; sourceTree = "<group>"; };
		5C940E7B237E569F00C73BA5 /* render.vert */ = {isa = PBXFileReference; fileEncoding = 4; lastKnownFileType = sourcecode.glsl; path = render.vert; sourceTree = "<group>"; };
		5C940E7C237E569F00C73BA5 /* util.glsl */ = {isa = PBXFileReference; fileEncoding = 4; lastKnownFileType = text; path = util.glsl; sourceTree = "<group>"; };
		5C940E8823883EF400C73BA5 /* caustic.frag */ = {isa = PBXFileReference; fileEncoding = 4; lastKnownFileType = sourcecode.glsl; path = caustic.frag; sourceTree = "<group>"; };
		5C940E8923883EF500C73BA5 /* caustic.vert */ = {isa = PBXFileReference; fileEncoding = 4; lastKnownFileType = sourcecode.glsl; path = caustic.vert; sourceTree = "<group>"; };
		5C940E8C238C3DB200C73BA5 /* blur.vert */ = {isa = PBXFileReference; fileEncoding = 4; lastKnownFileType = sourcecode.glsl; path = blur.vert; sourceTree = "<group>"; };
		5C940E8D238C3DB300C73BA5 /* blur.frag */ = {isa = PBXFileReference; fileEncoding = 4; lastKnownFileType = sourcecode.glsl; path = blur.frag; sourceTree = "<group>"; };
		5C940E90238C512E00C73BA5 /* librealsense2.2.20.dylib */ = {isa = PBXFileReference; lastKnownFileType = "compiled.mach-o.dylib"; name = librealsense2.2.20.dylib; path = ../../../librealsense/build/librealsense2.2.20.dylib; sourceTree = "<group>"; };
		5C940E91238C512E00C73BA5 /* librealsense2.2.20.0.dylib */ = {isa = PBXFileReference; lastKnownFileType = "compiled.mach-o.dylib"; name = librealsense2.2.20.0.dylib; path = ../../../librealsense/build/librealsense2.2.20.0.dylib; sourceTree = "<group>"; };
		5C940E92238C512E00C73BA5 /* librealsense2.dylib */ = {isa = PBXFileReference; lastKnownFileType = "compiled.mach-o.dylib"; name = librealsense2.dylib; path = ../../../librealsense/build/librealsense2.dylib; sourceTree = "<group>"; };
		5C940E9A238C515500C73BA5 /* libusb-1.0.0.dylib */ = {isa = PBXFileReference; lastKnownFileType = "compiled.mach-o.dylib"; name = "libusb-1.0.0.dylib"; path = "../../chenlee/xcode/libusb-1.0.0.dylib"; sourceTree = "<group>"; };
		5C940E9D238C530200C73BA5 /* libusb-1.0.0.dylib */ = {isa = PBXFileReference; lastKnownFileType = "compiled.mach-o.dylib"; path = "libusb-1.0.0.dylib"; sourceTree = "<group>"; };
		5C940EA8238C53A400C73BA5 /* libusb-1.0.0.dylib */ = {isa = PBXFileReference; lastKnownFileType = "compiled.mach-o.dylib"; path = "libusb-1.0.0.dylib"; sourceTree = "<group>"; };
		5C940EB0238C550900C73BA5 /* librealsense2.2.20.0.dylib */ = {isa = PBXFileReference; lastKnownFileType = "compiled.mach-o.dylib"; path = librealsense2.2.20.0.dylib; sourceTree = "<group>"; };
		5C940EB5238C554A00C73BA5 /* librealsense2.2.20.dylib */ = {isa = PBXFileReference; lastKnownFileType = "compiled.mach-o.dylib"; path = librealsense2.2.20.dylib; sourceTree = "<group>"; };
		5E503B9A0E1C47AE89BF90FB /* ImmersiveXsectionApp.cpp */ = {isa = PBXFileReference; lastKnownFileType = sourcecode.c.cpp; name = ImmersiveXsectionApp.cpp; path = ../src/ImmersiveXsectionApp.cpp; sourceTree = "<group>"; };
		600A6D551F2542389FF7DFB6 /* ImmersiveXsection_Prefix.pch */ = {isa = PBXFileReference; lastKnownFileType = "\"\""; path = ImmersiveXsection_Prefix.pch; sourceTree = "<group>"; };
		7381370D3B574357A8829A6A /* Info.plist */ = {isa = PBXFileReference; lastKnownFileType = text.plist.xml; path = Info.plist; sourceTree = "<group>"; };
		7D021681D7D9493B84CB354C /* Resources.h */ = {isa = PBXFileReference; lastKnownFileType = sourcecode.c.h; name = Resources.h; path = ../include/Resources.h; sourceTree = "<group>"; };
		8D1107320486CEB800E47090 /* ImmersiveXsection.app */ = {isa = PBXFileReference; explicitFileType = wrapper.application; includeInIndex = 0; path = ImmersiveXsection.app; sourceTree = BUILT_PRODUCTS_DIR; };
/* End PBXFileReference section */

/* Begin PBXFrameworksBuildPhase section */
		8D11072E0486CEB800E47090 /* Frameworks */ = {
			isa = PBXFrameworksBuildPhase;
			buildActionMask = 2147483647;
			files = (
				5C940EB1238C550900C73BA5 /* librealsense2.2.20.0.dylib in Frameworks */,
				006D720419952D00008149E2 /* AVFoundation.framework in Frameworks */,
				006D720519952D00008149E2 /* CoreMedia.framework in Frameworks */,
				5C940EB7238C554A00C73BA5 /* librealsense2.2.20.dylib in Frameworks */,
				8D11072F0486CEB800E47090 /* Cocoa.framework in Frameworks */,
				5C940EAC238C53A400C73BA5 /* libusb-1.0.0.dylib in Frameworks */,
				0091D8F90E81B9330029341E /* OpenGL.framework in Frameworks */,
				5323E6B20EAFCA74003A9687 /* CoreVideo.framework in Frameworks */,
				00B784B30FF439BC000DE1D7 /* Accelerate.framework in Frameworks */,
				00B784B40FF439BC000DE1D7 /* AudioToolbox.framework in Frameworks */,
				00B784B50FF439BC000DE1D7 /* AudioUnit.framework in Frameworks */,
				00B784B60FF439BC000DE1D7 /* CoreAudio.framework in Frameworks */,
				00B9955A1B128DF400A5C623 /* IOKit.framework in Frameworks */,
				00B9955B1B128DF400A5C623 /* IOSurface.framework in Frameworks */,
			);
			runOnlyForDeploymentPostprocessing = 0;
		};
/* End PBXFrameworksBuildPhase section */

/* Begin PBXGroup section */
		01B97315FEAEA392516A2CEA /* Blocks */ = {
			isa = PBXGroup;
			children = (
			);
			name = Blocks;
			sourceTree = "<group>";
		};
		080E96DDFE201D6D7F000001 /* Source */ = {
			isa = PBXGroup;
			children = (
				5C940E68237E568B00C73BA5 /* Grass.cpp */,
				5C940E66237E568B00C73BA5 /* Grass.h */,
				5C940E69237E568B00C73BA5 /* Particle.cpp */,
				5C940E67237E568B00C73BA5 /* Particle.h */,
				5E503B9A0E1C47AE89BF90FB /* ImmersiveXsectionApp.cpp */,
			);
			name = Source;
			sourceTree = "<group>";
		};
		1058C7A0FEA54F0111CA2CBB /* Linked Frameworks */ = {
			isa = PBXGroup;
			children = (
				006D720219952D00008149E2 /* AVFoundation.framework */,
				006D720319952D00008149E2 /* CoreMedia.framework */,
				00B784AF0FF439BC000DE1D7 /* Accelerate.framework */,
				00B784B00FF439BC000DE1D7 /* AudioToolbox.framework */,
				00B784B10FF439BC000DE1D7 /* AudioUnit.framework */,
				00B784B20FF439BC000DE1D7 /* CoreAudio.framework */,
				5323E6B10EAFCA74003A9687 /* CoreVideo.framework */,
				0091D8F80E81B9330029341E /* OpenGL.framework */,
				1058C7A1FEA54F0111CA2CBB /* Cocoa.framework */,
				00B995581B128DF400A5C623 /* IOKit.framework */,
				00B995591B128DF400A5C623 /* IOSurface.framework */,
			);
			name = "Linked Frameworks";
			sourceTree = "<group>";
		};
		1058C7A2FEA54F0111CA2CBB /* Other Frameworks */ = {
			isa = PBXGroup;
			children = (
				29B97324FDCFA39411CA2CEA /* AppKit.framework */,
				29B97325FDCFA39411CA2CEA /* Foundation.framework */,
			);
			name = "Other Frameworks";
			sourceTree = "<group>";
		};
		19C28FACFE9D520D11CA2CBB /* Products */ = {
			isa = PBXGroup;
			children = (
				8D1107320486CEB800E47090 /* ImmersiveXsection.app */,
			);
			name = Products;
			sourceTree = "<group>";
		};
		29B97314FDCFA39411CA2CEA /* ImmersiveXsection */ = {
			isa = PBXGroup;
			children = (
				5C940EA8238C53A400C73BA5 /* libusb-1.0.0.dylib */,
				5C940EB5238C554A00C73BA5 /* librealsense2.2.20.dylib */,
				5C940EB0238C550900C73BA5 /* librealsense2.2.20.0.dylib */,
				01B97315FEAEA392516A2CEA /* Blocks */,
				29B97315FDCFA39411CA2CEA /* Headers */,
				5C940E77237E569F00C73BA5 /* assets */,
				080E96DDFE201D6D7F000001 /* Source */,
				29B97317FDCFA39411CA2CEA /* Resources */,
				29B97323FDCFA39411CA2CEA /* Frameworks */,
				19C28FACFE9D520D11CA2CBB /* Products */,
			);
			name = ImmersiveXsection;
			sourceTree = "<group>";
		};
		29B97315FDCFA39411CA2CEA /* Headers */ = {
			isa = PBXGroup;
			children = (
				7D021681D7D9493B84CB354C /* Resources.h */,
				600A6D551F2542389FF7DFB6 /* ImmersiveXsection_Prefix.pch */,
			);
			name = Headers;
			sourceTree = "<group>";
		};
		29B97317FDCFA39411CA2CEA /* Resources */ = {
			isa = PBXGroup;
			children = (
				45C288052F2E4F7EB5D0F72F /* CinderApp.icns */,
				7381370D3B574357A8829A6A /* Info.plist */,
			);
			name = Resources;
			sourceTree = "<group>";
		};
		29B97323FDCFA39411CA2CEA /* Frameworks */ = {
			isa = PBXGroup;
			children = (
				5C940E9A238C515500C73BA5 /* libusb-1.0.0.dylib */,
				5C940E9D238C530200C73BA5 /* libusb-1.0.0.dylib */,
				5C940E91238C512E00C73BA5 /* librealsense2.2.20.0.dylib */,
				5C940E90238C512E00C73BA5 /* librealsense2.2.20.dylib */,
				5C940E92238C512E00C73BA5 /* librealsense2.dylib */,
				1058C7A0FEA54F0111CA2CBB /* Linked Frameworks */,
				1058C7A2FEA54F0111CA2CBB /* Other Frameworks */,
			);
			name = Frameworks;
			sourceTree = "<group>";
		};
		5C940E77237E569F00C73BA5 /* assets */ = {
			isa = PBXGroup;
			children = (
				5C940E78237E569F00C73BA5 /* render.frag */,
				5C940E79237E569F00C73BA5 /* render.geom */,
				5C940E8D238C3DB300C73BA5 /* blur.frag */,
				5C940E8C238C3DB200C73BA5 /* blur.vert */,
				5C940E7A237E569F00C73BA5 /* update.vert */,
				5C940E7B237E569F00C73BA5 /* render.vert */,
				5C940E7C237E569F00C73BA5 /* util.glsl */,
				5C940E8823883EF400C73BA5 /* caustic.frag */,
				5C940E8923883EF500C73BA5 /* caustic.vert */,
			);
			name = assets;
			path = ../assets;
			sourceTree = "<group>";
		};
/* End PBXGroup section */

/* Begin PBXNativeTarget section */
		8D1107260486CEB800E47090 /* ImmersiveXsection */ = {
			isa = PBXNativeTarget;
			buildConfigurationList = C01FCF4A08A954540054247B /* Build configuration list for PBXNativeTarget "ImmersiveXsection" */;
			buildPhases = (
				8D1107290486CEB800E47090 /* Resources */,
				8D11072C0486CEB800E47090 /* Sources */,
				8D11072E0486CEB800E47090 /* Frameworks */,
				5C940EB3238C553300C73BA5 /* Embed Libraries */,
			);
			buildRules = (
			);
			dependencies = (
			);
			name = ImmersiveXsection;
			productInstallPath = "$(HOME)/Applications";
			productName = ImmersiveXsection;
			productReference = 8D1107320486CEB800E47090 /* ImmersiveXsection.app */;
			productType = "com.apple.product-type.application";
		};
/* End PBXNativeTarget section */

/* Begin PBXProject section */
		29B97313FDCFA39411CA2CEA /* Project object */ = {
			isa = PBXProject;
			attributes = {
			};
			buildConfigurationList = C01FCF4E08A954540054247B /* Build configuration list for PBXProject "ImmersiveXsection" */;
			compatibilityVersion = "Xcode 3.2";
			developmentRegion = English;
			hasScannedForEncodings = 1;
			knownRegions = (
				English,
				Japanese,
				French,
				German,
			);
			mainGroup = 29B97314FDCFA39411CA2CEA /* ImmersiveXsection */;
			projectDirPath = "";
			projectRoot = "";
			targets = (
				8D1107260486CEB800E47090 /* ImmersiveXsection */,
			);
		};
/* End PBXProject section */

/* Begin PBXResourcesBuildPhase section */
		8D1107290486CEB800E47090 /* Resources */ = {
			isa = PBXResourcesBuildPhase;
			buildActionMask = 2147483647;
			files = (
				9EF72B5C66B340CA9F3C372E /* CinderApp.icns in Resources */,
				5C940E8A23883EF500C73BA5 /* caustic.frag in Resources */,
				5C940E8E238C3DB300C73BA5 /* blur.vert in Resources */,
				5C940E80237E569F00C73BA5 /* render.vert in Resources */,
				5C940E7F237E569F00C73BA5 /* update.vert in Resources */,
				5C940E81237E569F00C73BA5 /* util.glsl in Resources */,
				5C940E8F238C3DB300C73BA5 /* blur.frag in Resources */,
				5C940E7D237E569F00C73BA5 /* render.frag in Resources */,
				5C940E7E237E569F00C73BA5 /* render.geom in Resources */,
				5C940E8B23883EF500C73BA5 /* caustic.vert in Resources */,
			);
			runOnlyForDeploymentPostprocessing = 0;
		};
/* End PBXResourcesBuildPhase section */

/* Begin PBXSourcesBuildPhase section */
		8D11072C0486CEB800E47090 /* Sources */ = {
			isa = PBXSourcesBuildPhase;
			buildActionMask = 2147483647;
			files = (
				5C940E6A237E568B00C73BA5 /* Grass.cpp in Sources */,
				5C940E6B237E568B00C73BA5 /* Particle.cpp in Sources */,
				731E4AED33C84985BA4ABED9 /* ImmersiveXsectionApp.cpp in Sources */,
			);
			runOnlyForDeploymentPostprocessing = 0;
		};
/* End PBXSourcesBuildPhase section */

/* Begin XCBuildConfiguration section */
		C01FCF4B08A954540054247B /* Debug */ = {
			isa = XCBuildConfiguration;
			buildSettings = {
				COMBINE_HIDPI_IMAGES = YES;
				COPY_PHASE_STRIP = NO;
				DEAD_CODE_STRIPPING = YES;
				GCC_DYNAMIC_NO_PIC = NO;
				GCC_INLINES_ARE_PRIVATE_EXTERN = YES;
				GCC_OPTIMIZATION_LEVEL = 0;
				GCC_PRECOMPILE_PREFIX_HEADER = YES;
				GCC_PREFIX_HEADER = ImmersiveXsection_Prefix.pch;
				GCC_PREPROCESSOR_DEFINITIONS = (
					"DEBUG=1",
					"$(inherited)",
				);
				GCC_SYMBOLS_PRIVATE_EXTERN = NO;
				INFOPLIST_FILE = Info.plist;
				INSTALL_PATH = "$(HOME)/Applications";
				LIBRARY_SEARCH_PATHS = (
					"$(inherited)",
					"$(PROJECT_DIR)",
				);
				OTHER_LDFLAGS = "\"$(CINDER_PATH)/lib/macosx/$(CONFIGURATION)/libcinder.a\"";
				PRODUCT_BUNDLE_IDENTIFIER = "org.libcinder.${PRODUCT_NAME:rfc1034identifier}";
				PRODUCT_NAME = ImmersiveXsection;
				SYMROOT = ./build;
				WRAPPER_EXTENSION = app;
			};
			name = Debug;
		};
		C01FCF4C08A954540054247B /* Release */ = {
			isa = XCBuildConfiguration;
			buildSettings = {
				COMBINE_HIDPI_IMAGES = YES;
				DEAD_CODE_STRIPPING = YES;
				DEBUG_INFORMATION_FORMAT = "dwarf-with-dsym";
				GCC_FAST_MATH = YES;
				GCC_GENERATE_DEBUGGING_SYMBOLS = NO;
				GCC_INLINES_ARE_PRIVATE_EXTERN = YES;
				GCC_OPTIMIZATION_LEVEL = 3;
				GCC_PRECOMPILE_PREFIX_HEADER = YES;
				GCC_PREFIX_HEADER = ImmersiveXsection_Prefix.pch;
				GCC_PREPROCESSOR_DEFINITIONS = (
					"NDEBUG=1",
					"$(inherited)",
				);
				GCC_SYMBOLS_PRIVATE_EXTERN = NO;
				INFOPLIST_FILE = Info.plist;
				INSTALL_PATH = "$(HOME)/Applications";
				LIBRARY_SEARCH_PATHS = (
					"$(inherited)",
					"$(PROJECT_DIR)",
				);
				OTHER_LDFLAGS = "\"$(CINDER_PATH)/lib/macosx/$(CONFIGURATION)/libcinder.a\"";
				PRODUCT_BUNDLE_IDENTIFIER = "org.libcinder.${PRODUCT_NAME:rfc1034identifier}";
				PRODUCT_NAME = ImmersiveXsection;
				STRIP_INSTALLED_PRODUCT = YES;
				SYMROOT = ./build;
				WRAPPER_EXTENSION = app;
			};
			name = Release;
		};
		C01FCF4F08A954540054247B /* Debug */ = {
			isa = XCBuildConfiguration;
			buildSettings = {
				ALWAYS_SEARCH_USER_PATHS = NO;
				CINDER_PATH = ../../../Cinder;
				CLANG_CXX_LANGUAGE_STANDARD = "c++11";
				CLANG_CXX_LIBRARY = "libc++";
				ENABLE_TESTABILITY = YES;
				GCC_WARN_ABOUT_RETURN_TYPE = YES;
				GCC_WARN_UNUSED_VARIABLE = YES;
				HEADER_SEARCH_PATHS = (
					"\"$(CINDER_PATH)/include\"",
					/Users/howlchen/Documents/source/librealsense/include,
					"/usr/local/Cellar/opencv/4.1.0_1/include/**",
				);
				LIBRARY_SEARCH_PATHS = (
					/Users/howlchen/Documents/source/librealsense/build,
					/usr/local/Cellar/opencv/4.1.0_1/lib,
				);
				MACOSX_DEPLOYMENT_TARGET = 10.8;
				ONLY_ACTIVE_ARCH = YES;
				SDKROOT = macosx;
				USER_HEADER_SEARCH_PATHS = "\"$(CINDER_PATH)/include\" ../include";
			};
			name = Debug;
		};
		C01FCF5008A954540054247B /* Release */ = {
			isa = XCBuildConfiguration;
			buildSettings = {
				ALWAYS_SEARCH_USER_PATHS = NO;
				CINDER_PATH = ../../../Cinder;
				CLANG_CXX_LANGUAGE_STANDARD = "c++11";
				CLANG_CXX_LIBRARY = "libc++";
				GCC_WARN_ABOUT_RETURN_TYPE = YES;
				GCC_WARN_UNUSED_VARIABLE = YES;
				HEADER_SEARCH_PATHS = (
					"\"$(CINDER_PATH)/include\"",
					/Users/howlchen/Documents/source/librealsense/include,
					"/usr/local/Cellar/opencv/4.1.0_1/include/**",
				);
				LIBRARY_SEARCH_PATHS = (
					/Users/howlchen/Documents/source/librealsense/build,
					/usr/local/Cellar/opencv/4.1.0_1/lib,
				);
				MACOSX_DEPLOYMENT_TARGET = 10.8;
				SDKROOT = macosx;
				USER_HEADER_SEARCH_PATHS = "\"$(CINDER_PATH)/include\" ../include";
			};
			name = Release;
		};
/* End XCBuildConfiguration section */

/* Begin XCConfigurationList section */
		C01FCF4A08A954540054247B /* Build configuration list for PBXNativeTarget "ImmersiveXsection" */ = {
			isa = XCConfigurationList;
			buildConfigurations = (
				C01FCF4B08A954540054247B /* Debug */,
				C01FCF4C08A954540054247B /* Release */,
			);
			defaultConfigurationIsVisible = 0;
			defaultConfigurationName = Release;
		};
		C01FCF4E08A954540054247B /* Build configuration list for PBXProject "ImmersiveXsection" */ = {
			isa = XCConfigurationList;
			buildConfigurations = (
				C01FCF4F08A954540054247B /* Debug */,
				C01FCF5008A954540054247B /* Release */,
			);
			defaultConfigurationIsVisible = 0;
			defaultConfigurationName = Release;
		};
/* End XCConfigurationList section */
	};
	rootObject = 29B97313FDCFA39411CA2CEA /* Project object */;
}
